// !$*UTF8*$!
{
	archiveVersion = 1;
	classes = {
	};
	objectVersion = 77;
	objects = {

/* Begin PBXBuildFile section */
		A10000012F80000000000001 /* FirebaseMessaging in Frameworks */ = {isa = PBXBuildFile; productRef = A10000002F80000000000001 /* FirebaseMessaging */; };
		A10000032F80000000000002 /* GoogleSignIn in Frameworks */ = {isa = PBXBuildFile; productRef = A10000022F80000000000002 /* GoogleSignIn */; };
		A10000052F80000000000003 /* GoogleSignInSwift in Frameworks */ = {isa = PBXBuildFile; productRef = A10000042F80000000000003 /* GoogleSignInSwift */; };
		A10000072F80000000000004 /* Lottie in Frameworks */ = {isa = PBXBuildFile; productRef = A10000062F80000000000004 /* Lottie */; };
		A10000092F80000000000005 /* TelemetryDeck in Frameworks */ = {isa = PBXBuildFile; productRef = A10000082F80000000000005 /* TelemetryDeck */; };
		A10000112F80000000000006 /* RevenueCat in Frameworks */ = {isa = PBXBuildFile; productRef = A10000102F80000000000006 /* RevenueCat */; };
		A10000132F80000000000007 /* RevenueCatUI in Frameworks */ = {isa = PBXBuildFile; productRef = A10000122F80000000000007 /* RevenueCatUI */; };
		C24673F22F7586810060DFFC /* FirebaseAuth in Frameworks */ = {isa = PBXBuildFile; productRef = C24673F12F7586810060DFFC /* FirebaseAuth */; };
		C24673F42F7586810060DFFC /* FirebaseFirestore in Frameworks */ = {isa = PBXBuildFile; productRef = C24673F32F7586810060DFFC /* FirebaseFirestore */; };
		C24673F62F7586810060DFFC /* FirebaseFunctions in Frameworks */ = {isa = PBXBuildFile; productRef = C24673F52F7586810060DFFC /* FirebaseFunctions */; };
		C28246252F7564CE00F033BE /* shared.xcframework in Frameworks */ = {isa = PBXBuildFile; fileRef = C28246242F7564CE00F033BE /* shared.xcframework */; };
		C28246262F7564CE00F033BE /* shared.xcframework in Embed Frameworks */ = {isa = PBXBuildFile; fileRef = C28246242F7564CE00F033BE /* shared.xcframework */; settings = {ATTRIBUTES = (CodeSignOnCopy, RemoveHeadersOnCopy, ); }; };
		D9E397B67FB6C87EB189A629 /* TelemetryClient in Frameworks */ = {isa = PBXBuildFile; productRef = 3AD823F7111777B38960809E /* TelemetryClient */; };
/* End PBXBuildFile section */

/* Begin PBXCopyFilesBuildPhase section */
		C28246272F7564CE00F033BE /* Embed Frameworks */ = {
			isa = PBXCopyFilesBuildPhase;
			buildActionMask = 2147483647;
			dstPath = "";
			dstSubfolderSpec = 10;
			files = (
				C28246262F7564CE00F033BE /* shared.xcframework in Embed Frameworks */,
			);
			name = "Embed Frameworks";
			runOnlyForDeploymentPostprocessing = 0;
		};
/* End PBXCopyFilesBuildPhase section */

/* Begin PBXFileReference section */
		C28246152F75628D00F033BE /* FamWake.app */ = {isa = PBXFileReference; explicitFileType = wrapper.application; includeInIndex = 0; path = FamWake.app; sourceTree = BUILT_PRODUCTS_DIR; };
		C28246242F7564CE00F033BE /* shared.xcframework */ = {isa = PBXFileReference; lastKnownFileType = wrapper.xcframework; name = shared.xcframework; path = ../shared/build/XCFrameworks/debug/shared.xcframework; sourceTree = "<group>"; };
/* End PBXFileReference section */

/* Begin PBXFileSystemSynchronizedRootGroup section */
		C28246172F75628D00F033BE /* FamWake */ = {
			isa = PBXFileSystemSynchronizedRootGroup;
			path = FamWake;
			sourceTree = "<group>";
		};
/* End PBXFileSystemSynchronizedRootGroup section */

/* Begin PBXFrameworksBuildPhase section */
		C28246122F75628D00F033BE /* Frameworks */ = {
			isa = PBXFrameworksBuildPhase;
			buildActionMask = 2147483647;
			files = (
				C28246252F7564CE00F033BE /* shared.xcframework in Frameworks */,
				C24673F22F7586810060DFFC /* FirebaseAuth in Frameworks */,
				C24673F42F7586810060DFFC /* FirebaseFirestore in Frameworks */,
				C24673F62F7586810060DFFC /* FirebaseFunctions in Frameworks */,
				A10000012F80000000000001 /* FirebaseMessaging in Frameworks */,
				A10000032F80000000000002 /* GoogleSignIn in Frameworks */,
				A10000052F80000000000003 /* GoogleSignInSwift in Frameworks */,
				A10000072F80000000000004 /* Lottie in Frameworks */,
				A10000092F80000000000005 /* TelemetryDeck in Frameworks */,
				A10000112F80000000000006 /* RevenueCat in Frameworks */,
				A10000132F80000000000007 /* RevenueCatUI in Frameworks */,
				D9E397B67FB6C87EB189A629 /* TelemetryClient in Frameworks */,
			);
			runOnlyForDeploymentPostprocessing = 0;
		};
/* End PBXFrameworksBuildPhase section */

/* Begin PBXGroup section */
		C282460C2F75628D00F033BE = {
			isa = PBXGroup;
			children = (
				C28246172F75628D00F033BE /* FamWake */,
				C28246232F7564CD00F033BE /* Frameworks */,
				C28246162F75628D00F033BE /* Products */,
			);
			sourceTree = "<group>";
		};
		C28246162F75628D00F033BE /* Products */ = {
			isa = PBXGroup;
			children = (
				C28246152F75628D00F033BE /* FamWake.app */,
			);
			name = Products;
			sourceTree = "<group>";
		};
		C28246232F7564CD00F033BE /* Frameworks */ = {
			isa = PBXGroup;
			children = (
				C28246242F7564CE00F033BE /* shared.xcframework */,
			);
			name = Frameworks;
			sourceTree = "<group>";
		};
/* End PBXGroup section */

/* Begin PBXNativeTarget section */
		C28246142F75628D00F033BE /* FamWake */ = {
			isa = PBXNativeTarget;
			buildConfigurationList = C28246202F75629000F033BE /* Build configuration list for PBXNativeTarget "FamWake" */;
			buildPhases = (
				C28246282F7564E000F033BE /* ShellScript */,
				C28246112F75628D00F033BE /* Sources */,
				C28246122F75628D00F033BE /* Frameworks */,
				C28246132F75628D00F033BE /* Resources */,
				C28246272F7564CE00F033BE /* Embed Frameworks */,
			);
			buildRules = (
			);
			dependencies = (
			);
			fileSystemSynchronizedGroups = (
				C28246172F75628D00F033BE /* FamWake */,
			);
			name = FamWake;
			packageProductDependencies = (
				C24673F12F7586810060DFFC /* FirebaseAuth */,
				C24673F32F7586810060DFFC /* FirebaseFirestore */,
				C24673F52F7586810060DFFC /* FirebaseFunctions */,
				A10000002F80000000000001 /* FirebaseMessaging */,
				A10000022F80000000000002 /* GoogleSignIn */,
				A10000042F80000000000003 /* GoogleSignInSwift */,
				A10000062F80000000000004 /* Lottie */,
				A10000082F80000000000005 /* TelemetryDeck */,
				A10000102F80000000000006 /* RevenueCat */,
				A10000122F80000000000007 /* RevenueCatUI */,
				3AD823F7111777B38960809E /* TelemetryClient */,
			);
			productName = FamWake;
			productReference = C28246152F75628D00F033BE /* FamWake.app */;
			productType = "com.apple.product-type.application";
		};
/* End PBXNativeTarget section */

/* Begin PBXProject section */
		C282460D2F75628D00F033BE /* Project object */ = {
			isa = PBXProject;
			attributes = {
				BuildIndependentTargetsInParallel = 1;
				LastSwiftUpdateCheck = 2640;
				LastUpgradeCheck = 2640;
				TargetAttributes = {
					C28246142F75628D00F033BE = {
						CreatedOnToolsVersion = 26.4;
					};
				};
			};
			buildConfigurationList = C28246102F75628D00F033BE /* Build configuration list for PBXProject "FamWake" */;
			developmentRegion = en;
			hasScannedForEncodings = 0;
			knownRegions = (
				en,
				Base,
				de,
				ja,
				mr,
				uk,
				es,
				da,
				it,
				sv,
				ko,
				gsw,
				no,
				tr,
				pl,
				ksh,
				swg,
				vi,
				ru,
				fr,
				id,
				nl,
				pt,
				bn,
				hi,
				zh,
			);
			mainGroup = C282460C2F75628D00F033BE;
			minimizedProjectReferenceProxies = 1;
			packageReferences = (
				C24673F02F7586810060DFFC /* XCRemoteSwiftPackageReference "firebase-ios-sdk" */,
				A10000202F80000000000010 /* XCRemoteSwiftPackageReference "GoogleSignIn-iOS" */,
				A10000212F80000000000011 /* XCRemoteSwiftPackageReference "lottie-ios" */,
				A10000222F80000000000012 /* XCRemoteSwiftPackageReference "SwiftSDK" */,
				A10000232F80000000000013 /* XCRemoteSwiftPackageReference "purchases-ios-spm" */,
			);
			preferredProjectObjectVersion = 77;
			productRefGroup = C28246162F75628D00F033BE /* Products */;
			projectDirPath = "";
			projectRoot = "";
			targets = (
				C28246142F75628D00F033BE /* FamWake */,
			);
		};
/* End PBXProject section */

/* Begin PBXResourcesBuildPhase section */
		C28246132F75628D00F033BE /* Resources */ = {
			isa = PBXResourcesBuildPhase;
			buildActionMask = 2147483647;
			files = (
			);
			runOnlyForDeploymentPostprocessing = 0;
		};
/* End PBXResourcesBuildPhase section */

/* Begin PBXShellScriptBuildPhase section */
		C28246282F7564E000F033BE /* ShellScript */ = {
			isa = PBXShellScriptBuildPhase;
			buildActionMask = 2147483647;
			files = (
			);
			inputFileListPaths = (
			);
			inputPaths = (
			);
			outputFileListPaths = (
			);
			outputPaths = (
			);
			runOnlyForDeploymentPostprocessing = 0;
			shellPath = /bin/sh;
			shellScript = "# KMP XCFramework build disabled – using pure Swift\necho \"Skipping KMP shared build\"\n";
		};
/* End PBXShellScriptBuildPhase section */

/* Begin PBXSourcesBuildPhase section */
		C28246112F75628D00F033BE /* Sources */ = {
			isa = PBXSourcesBuildPhase;
			buildActionMask = 2147483647;
			files = (
			);
			runOnlyForDeploymentPostprocessing = 0;
		};
/* End PBXSourcesBuildPhase section */

/* Begin XCBuildConfiguration section */
		C282461E2F75629000F033BE /* Debug */ = {
			isa = XCBuildConfiguration;
			buildSettings = {
				ALWAYS_SEARCH_USER_PATHS = NO;
				ASSETCATALOG_COMPILER_GENERATE_SWIFT_ASSET_SYMBOL_EXTENSIONS = YES;
				CLANG_ANALYZER_NONNULL = YES;
				CLANG_ANALYZER_NUMBER_OBJECT_CONVERSION = YES_AGGRESSIVE;
				CLANG_CXX_LANGUAGE_STANDARD = "gnu++20";
				CLANG_ENABLE_MODULES = YES;
				CLANG_ENABLE_OBJC_ARC = YES;
				CLANG_ENABLE_OBJC_WEAK = YES;
				CLANG_WARN_BLOCK_CAPTURE_AUTORELEASING = YES;
				CLANG_WARN_BOOL_CONVERSION = YES;
				CLANG_WARN_COMMA = YES;
				CLANG_WARN_CONSTANT_CONVERSION = YES;
				CLANG_WARN_DEPRECATED_OBJC_IMPLEMENTATIONS = YES;
				CLANG_WARN_DIRECT_OBJC_ISA_USAGE = YES_ERROR;
				CLANG_WARN_DOCUMENTATION_COMMENTS = YES;
				CLANG_WARN_EMPTY_BODY = YES;
				CLANG_WARN_ENUM_CONVERSION = YES;
				CLANG_WARN_INFINITE_RECURSION = YES;
				CLANG_WARN_INT_CONVERSION = YES;
				CLANG_WARN_NON_LITERAL_NULL_CONVERSION = YES;
				CLANG_WARN_OBJC_IMPLICIT_RETAIN_SELF = YES;
				CLANG_WARN_OBJC_LITERAL_CONVERSION = YES;
				CLANG_WARN_OBJC_ROOT_CLASS = YES_ERROR;
				CLANG_WARN_QUOTED_INCLUDE_IN_FRAMEWORK_HEADER = YES;
				CLANG_WARN_RANGE_LOOP_ANALYSIS = YES;
				CLANG_WARN_STRICT_PROTOTYPES = YES;
				CLANG_WARN_SUSPICIOUS_MOVE = YES;
				CLANG_WARN_UNGUARDED_AVAILABILITY = YES_AGGRESSIVE;
				CLANG_WARN_UNREACHABLE_CODE = YES;
				CLANG_WARN__DUPLICATE_METHOD_MATCH = YES;
				COPY_PHASE_STRIP = NO;
				DEBUG_INFORMATION_FORMAT = dwarf;
				ENABLE_STRICT_OBJC_MSGSEND = YES;
				ENABLE_TESTABILITY = YES;
				ENABLE_USER_SCRIPT_SANDBOXING = YES;
				GCC_C_LANGUAGE_STANDARD = gnu17;
				GCC_DYNAMIC_NO_PIC = NO;
				GCC_NO_COMMON_BLOCKS = YES;
				GCC_OPTIMIZATION_LEVEL = 0;
				GCC_PREPROCESSOR_DEFINITIONS = (
					"DEBUG=1",
					"$(inherited)",
				);
				GCC_WARN_64_TO_32_BIT_CONVERSION = YES;
				GCC_WARN_ABOUT_RETURN_TYPE = YES_ERROR;
				GCC_WARN_UNDECLARED_SELECTOR = YES;
				GCC_WARN_UNINITIALIZED_AUTOS = YES_AGGRESSIVE;
				GCC_WARN_UNUSED_FUNCTION = YES;
				GCC_WARN_UNUSED_VARIABLE = YES;
				IPHONEOS_DEPLOYMENT_TARGET = 17.0;
				LOCALIZATION_PREFERS_STRING_CATALOGS = YES;
				MTL_ENABLE_DEBUG_INFO = INCLUDE_SOURCE;
				MTL_FAST_MATH = YES;
				ONLY_ACTIVE_ARCH = YES;
				SDKROOT = iphoneos;
				SWIFT_ACTIVE_COMPILATION_CONDITIONS = "DEBUG $(inherited)";
				SWIFT_OPTIMIZATION_LEVEL = "-Onone";
			};
			name = Debug;
		};
		C282461F2F75629000F033BE /* Release */ = {
			isa = XCBuildConfiguration;
			buildSettings = {
				ALWAYS_SEARCH_USER_PATHS = NO;
				ASSETCATALOG_COMPILER_GENERATE_SWIFT_ASSET_SYMBOL_EXTENSIONS = YES;
				CLANG_ANALYZER_NONNULL = YES;
				CLANG_ANALYZER_NUMBER_OBJECT_CONVERSION = YES_AGGRESSIVE;
				CLANG_CXX_LANGUAGE_STANDARD = "gnu++20";
				CLANG_ENABLE_MODULES = YES;
				CLANG_ENABLE_OBJC_ARC = YES;
				CLANG_ENABLE_OBJC_WEAK = YES;
				CLANG_WARN_BLOCK_CAPTURE_AUTORELEASING = YES;
				CLANG_WARN_BOOL_CONVERSION = YES;
				CLANG_WARN_COMMA = YES;
				CLANG_WARN_CONSTANT_CONVERSION = YES;
				CLANG_WARN_DEPRECATED_OBJC_IMPLEMENTATIONS = YES;
				CLANG_WARN_DIRECT_OBJC_ISA_USAGE = YES_ERROR;
				CLANG_WARN_DOCUMENTATION_COMMENTS = YES;
				CLANG_WARN_EMPTY_BODY = YES;
				CLANG_WARN_ENUM_CONVERSION = YES;
				CLANG_WARN_INFINITE_RECURSION = YES;
				CLANG_WARN_INT_CONVERSION = YES;
				CLANG_WARN_NON_LITERAL_NULL_CONVERSION = YES;
				CLANG_WARN_OBJC_IMPLICIT_RETAIN_SELF = YES;
				CLANG_WARN_OBJC_LITERAL_CONVERSION = YES;
				CLANG_WARN_OBJC_ROOT_CLASS = YES_ERROR;
				CLANG_WARN_QUOTED_INCLUDE_IN_FRAMEWORK_HEADER = YES;
				CLANG_WARN_RANGE_LOOP_ANALYSIS = YES;
				CLANG_WARN_STRICT_PROTOTYPES = YES;
				CLANG_WARN_SUSPICIOUS_MOVE = YES;
				CLANG_WARN_UNGUARDED_AVAILABILITY = YES_AGGRESSIVE;
				CLANG_WARN_UNREACHABLE_CODE = YES;
				CLANG_WARN__DUPLICATE_METHOD_MATCH = YES;
				COPY_PHASE_STRIP = NO;
				DEBUG_INFORMATION_FORMAT = "dwarf-with-dsym";
				ENABLE_NS_ASSERTIONS = NO;
				ENABLE_STRICT_OBJC_MSGSEND = YES;
				ENABLE_USER_SCRIPT_SANDBOXING = YES;
				GCC_C_LANGUAGE_STANDARD = gnu17;
				GCC_NO_COMMON_BLOCKS = YES;
				GCC_WARN_64_TO_32_BIT_CONVERSION = YES;
				GCC_WARN_ABOUT_RETURN_TYPE = YES_ERROR;
				GCC_WARN_UNDECLARED_SELECTOR = YES;
				GCC_WARN_UNINITIALIZED_AUTOS = YES_AGGRESSIVE;
				GCC_WARN_UNUSED_FUNCTION = YES;
				GCC_WARN_UNUSED_VARIABLE = YES;
				IPHONEOS_DEPLOYMENT_TARGET = 17.0;
				LOCALIZATION_PREFERS_STRING_CATALOGS = YES;
				MTL_ENABLE_DEBUG_INFO = NO;
				MTL_FAST_MATH = YES;
				SDKROOT = iphoneos;
				SWIFT_COMPILATION_MODE = wholemodule;
				VALIDATE_PRODUCT = YES;
			};
			name = Release;
		};
		C28246212F75629000F033BE /* Debug */ = {
			isa = XCBuildConfiguration;
			buildSettings = {
				ASSETCATALOG_COMPILER_APPICON_NAME = AppIcon;
				ASSETCATALOG_COMPILER_GLOBAL_ACCENT_COLOR_NAME = AccentColor;
				CODE_SIGN_ENTITLEMENTS = FamWake/FamWake.entitlements;
				"CODE_SIGN_IDENTITY[sdk=iphoneos*]" = "iPhone Distribution";
				CODE_SIGN_STYLE = Manual;
				CURRENT_PROJECT_VERSION = 11;
				DEVELOPMENT_TEAM = "";
				"DEVELOPMENT_TEAM[sdk=iphoneos*]" = 296C735W8C;
				ENABLE_PREVIEWS = YES;
				ENABLE_USER_SCRIPT_SANDBOXING = NO;
				GENERATE_INFOPLIST_FILE = NO;
				INFOPLIST_FILE = Info.plist;
				INFOPLIST_KEY_CFBundleDisplayName = FamWake;
				LD_RUNPATH_SEARCH_PATHS = (
					"$(inherited)",
					"@executable_path/Frameworks",
				);
				MARKETING_VERSION = 1.9.8;
				PRODUCT_BUNDLE_IDENTIFIER = de.familienwecker.FamWake;
				PRODUCT_NAME = "$(TARGET_NAME)";
				PROVISIONING_PROFILE_SPECIFIER = "";
				"PROVISIONING_PROFILE_SPECIFIER[sdk=iphoneos*]" = "FamWake AppStore";
				STRING_CATALOG_GENERATE_SYMBOLS = YES;
				SWIFT_APPROACHABLE_CONCURRENCY = YES;
				SWIFT_DEFAULT_ACTOR_ISOLATION = MainActor;
				SWIFT_EMIT_LOC_STRINGS = YES;
				SWIFT_UPCOMING_FEATURE_MEMBER_IMPORT_VISIBILITY = YES;
				SWIFT_VERSION = 5.0;
				TARGETED_DEVICE_FAMILY = "1,2";
			};
			name = Debug;
		};
		C28246222F75629000F033BE /* Release */ = {
			isa = XCBuildConfiguration;
			buildSettings = {
				ASSETCATALOG_COMPILER_APPICON_NAME = AppIcon;
				ASSETCATALOG_COMPILER_GLOBAL_ACCENT_COLOR_NAME = AccentColor;
				CODE_SIGN_ENTITLEMENTS = FamWake/FamWake.entitlements;
				"CODE_SIGN_IDENTITY[sdk=iphoneos*]" = "iPhone Distribution";
				CODE_SIGN_STYLE = Manual;
				CURRENT_PROJECT_VERSION = 11;
				DEVELOPMENT_TEAM = "";
				"DEVELOPMENT_TEAM[sdk=iphoneos*]" = 296C735W8C;
				ENABLE_PREVIEWS = YES;
				ENABLE_USER_SCRIPT_SANDBOXING = NO;
				GENERATE_INFOPLIST_FILE = NO;
				INFOPLIST_FILE = Info.plist;
				INFOPLIST_KEY_CFBundleDisplayName = FamWake;
				LD_RUNPATH_SEARCH_PATHS = (
					"$(inherited)",
					"@executable_path/Frameworks",
				);
				MARKETING_VERSION = 1.9.8;
				PRODUCT_BUNDLE_IDENTIFIER = de.familienwecker.FamWake;
				PRODUCT_NAME = "$(TARGET_NAME)";
				PROVISIONING_PROFILE_SPECIFIER = "";
				"PROVISIONING_PROFILE_SPECIFIER[sdk=iphoneos*]" = "FamWake AppStore";
				STRING_CATALOG_GENERATE_SYMBOLS = YES;
				SWIFT_APPROACHABLE_CONCURRENCY = YES;
				SWIFT_DEFAULT_ACTOR_ISOLATION = MainActor;
				SWIFT_EMIT_LOC_STRINGS = YES;
				SWIFT_UPCOMING_FEATURE_MEMBER_IMPORT_VISIBILITY = YES;
				SWIFT_VERSION = 5.0;
				TARGETED_DEVICE_FAMILY = "1,2";
			};
			name = Release;
		};
/* End XCBuildConfiguration section */

/* Begin XCConfigurationList section */
		C28246102F75628D00F033BE /* Build configuration list for PBXProject "FamWake" */ = {
			isa = XCConfigurationList;
			buildConfigurations = (
				C282461E2F75629000F033BE /* Debug */,
				C282461F2F75629000F033BE /* Release */,
			);
			defaultConfigurationIsVisible = 0;
			defaultConfigurationName = Release;
		};
		C28246202F75629000F033BE /* Build configuration list for PBXNativeTarget "FamWake" */ = {
			isa = XCConfigurationList;
			buildConfigurations = (
				C28246212F75629000F033BE /* Debug */,
				C28246222F75629000F033BE /* Release */,
			);
			defaultConfigurationIsVisible = 0;
			defaultConfigurationName = Release;
		};
/* End XCConfigurationList section */

/* Begin XCRemoteSwiftPackageReference section */
		A10000202F80000000000010 /* XCRemoteSwiftPackageReference "GoogleSignIn-iOS" */ = {
			isa = XCRemoteSwiftPackageReference;
			repositoryURL = "https://github.com/google/GoogleSignIn-iOS.git";
			requirement = {
				kind = upToNextMajorVersion;
				minimumVersion = 8.0.0;
			};
		};
		A10000212F80000000000011 /* XCRemoteSwiftPackageReference "lottie-ios" */ = {
			isa = XCRemoteSwiftPackageReference;
			repositoryURL = "https://github.com/airbnb/lottie-ios.git";
			requirement = {
				kind = upToNextMajorVersion;
				minimumVersion = 4.0.0;
			};
		};
		A10000222F80000000000012 /* XCRemoteSwiftPackageReference "SwiftSDK" */ = {
			isa = XCRemoteSwiftPackageReference;
			repositoryURL = "https://github.com/TelemetryDeck/SwiftSDK.git";
			requirement = {
				kind = upToNextMajorVersion;
				minimumVersion = 2.0.0;
			};
		};
		A10000232F80000000000013 /* XCRemoteSwiftPackageReference "purchases-ios-spm" */ = {
			isa = XCRemoteSwiftPackageReference;
			repositoryURL = "https://github.com/RevenueCat/purchases-ios-spm.git";
			requirement = {
				kind = upToNextMajorVersion;
				minimumVersion = 5.0.0;
			};
		};
		C24673F02F7586810060DFFC /* XCRemoteSwiftPackageReference "firebase-ios-sdk" */ = {
			isa = XCRemoteSwiftPackageReference;
			repositoryURL = "https://github.com/firebase/firebase-ios-sdk.git";
			requirement = {
				kind = upToNextMajorVersion;
				minimumVersion = 11.0.0;
			};
		};
/* End XCRemoteSwiftPackageReference section */

/* Begin XCSwiftPackageProductDependency section */
		3AD823F7111777B38960809E /* TelemetryClient */ = {
			isa = XCSwiftPackageProductDependency;
			package = A10000222F80000000000012 /* XCRemoteSwiftPackageReference "SwiftSDK" */;
			productName = TelemetryClient;
		};
		A10000002F80000000000001 /* FirebaseMessaging */ = {
			isa = XCSwiftPackageProductDependency;
			package = C24673F02F7586810060DFFC /* XCRemoteSwiftPackageReference "firebase-ios-sdk" */;
			productName = FirebaseMessaging;
		};
		A10000022F80000000000002 /* GoogleSignIn */ = {
			isa = XCSwiftPackageProductDependency;
			package = A10000202F80000000000010 /* XCRemoteSwiftPackageReference "GoogleSignIn-iOS" */;
			productName = GoogleSignIn;
		};
		A10000042F80000000000003 /* GoogleSignInSwift */ = {
			isa = XCSwiftPackageProductDependency;
			package = A10000202F80000000000010 /* XCRemoteSwiftPackageReference "GoogleSignIn-iOS" */;
			productName = GoogleSignInSwift;
		};
		A10000062F80000000000004 /* Lottie */ = {
			isa = XCSwiftPackageProductDependency;
			package = A10000212F80000000000011 /* XCRemoteSwiftPackageReference "lottie-ios" */;
			productName = Lottie;
		};
		A10000082F80000000000005 /* TelemetryDeck */ = {
			isa = XCSwiftPackageProductDependency;
			package = A10000222F80000000000012 /* XCRemoteSwiftPackageReference "SwiftSDK" */;
			productName = TelemetryDeck;
		};
		A10000102F80000000000006 /* RevenueCat */ = {
			isa = XCSwiftPackageProductDependency;
			package = A10000232F80000000000013 /* XCRemoteSwiftPackageReference "purchases-ios-spm" */;
			productName = RevenueCat;
		};
		A10000122F80000000000007 /* RevenueCatUI */ = {
			isa = XCSwiftPackageProductDependency;
			package = A10000232F80000000000013 /* XCRemoteSwiftPackageReference "purchases-ios-spm" */;
			productName = RevenueCatUI;
		};
		C24673F12F7586810060DFFC /* FirebaseAuth */ = {
			isa = XCSwiftPackageProductDependency;
			package = C24673F02F7586810060DFFC /* XCRemoteSwiftPackageReference "firebase-ios-sdk" */;
			productName = FirebaseAuth;
		};
		C24673F32F7586810060DFFC /* FirebaseFirestore */ = {
			isa = XCSwiftPackageProductDependency;
			package = C24673F02F7586810060DFFC /* XCRemoteSwiftPackageReference "firebase-ios-sdk" */;
			productName = FirebaseFirestore;
		};
		C24673F52F7586810060DFFC /* FirebaseFunctions */ = {
			isa = XCSwiftPackageProductDependency;
			package = C24673F02F7586810060DFFC /* XCRemoteSwiftPackageReference "firebase-ios-sdk" */;
			productName = FirebaseFunctions;
		};
/* End XCSwiftPackageProductDependency section */
	};
	rootObject = C282460D2F75628D00F033BE /* Project object */;
}
